
Microsoft Visual Studio Solution File, Format Version 12.00
# Visual Studio Version 17
VisualStudioVersion = 17.13.35931.197 d17.13
MinimumVisualStudioVersion = 10.0.40219.1
Project("{FAE04EC0-301F-11D3-BF4B-00C04F79EFBC}") = "AuthWebApi", "AuthWebApi\AuthWebApi.csproj", "{8E65A8E0-A80A-4C3E-8FAA-FC0658C2BADC}"
EndProject
Global
	GlobalSection(SolutionConfigurationPlatforms) = preSolution
		Debug|Any CPU = Debug|Any CPU
		Release|Any CPU = Release|Any CPU
	EndGlobalSection
	GlobalSection(ProjectConfigurationPlatforms) = postSolution
		{8E65A8E0-A80A-4C3E-8FAA-FC0658C2BADC}.Debug|Any CPU.ActiveCfg = Debug|Any CPU
		{8E65A8E0-A80A-4C3E-8FAA-FC0658C2BADC}.Debug|Any CPU.Build.0 = Debug|Any CPU
		{8E65A8E0-A80A-4C3E-8FAA-FC0658C2BADC}.Release|Any CPU.ActiveCfg = Release|Any CPU
		{8E65A8E0-A80A-4C3E-8FAA-FC0658C2BADC}.Release|Any CPU.Build.0 = Release|Any CPU
	EndGlobalSection
	GlobalSection(SolutionProperties) = preSolution
		HideSolutionNode = FALSE
	EndGlobalSection
	GlobalSection(ExtensibilityGlobals) = postSolution
		SolutionGuid = {8CB3488B-58B6-4E5F-8931-6D1F3D2E2BD1}
	EndGlobalSection
EndGlobal
